
Microsoft Visual Studio Solution File, Format Version 12.00
# Visual Studio Version 17
VisualStudioVersion = 17.0.31903.59
MinimumVisualStudioVersion = 10.0.40219.1
Project("{FAE04EC0-301F-11D3-BF4B-00C04F79EFBC}") = "Orders.Contracts", "Orders.Contracts\Orders.Contracts.csproj", "{B8A1DEC4-8EBE-4CFE-BEC4-8B76AF38803B}"
EndProject
Project("{FAE04EC0-301F-11D3-BF4B-00C04F79EFBC}") = "Orders.Services", "Orders.Services\Orders.Services.csproj", "{54268BB1-1D32-4E1C-8444-41019BF1AA02}"
EndProject
Project("{FAE04EC0-301F-11D3-BF4B-00C04F79EFBC}") = "Orders.Tests", "Orders.Tests\Orders.Tests.csproj", "{3D94C8FC-5010-4C33-9D94-AADF86015A19}"
EndProject
Global
	GlobalSection(SolutionConfigurationPlatforms) = preSolution
		Debug|Any CPU = Debug|Any CPU
		Release|Any CPU = Release|Any CPU
	EndGlobalSection
	GlobalSection(SolutionProperties) = preSolution
		HideSolutionNode = FALSE
	EndGlobalSection
	GlobalSection(ProjectConfigurationPlatforms) = postSolution
		{B8A1DEC4-8EBE-4CFE-BEC4-8B76AF38803B}.Debug|Any CPU.ActiveCfg = Debug|Any CPU
		{B8A1DEC4-8EBE-4CFE-BEC4-8B76AF38803B}.Debug|Any CPU.Build.0 = Debug|Any CPU
		{B8A1DEC4-8EBE-4CFE-BEC4-8B76AF38803B}.Release|Any CPU.ActiveCfg = Release|Any CPU
		{B8A1DEC4-8EBE-4CFE-BEC4-8B76AF38803B}.Release|Any CPU.Build.0 = Release|Any CPU
		{54268BB1-1D32-4E1C-8444-41019BF1AA02}.Debug|Any CPU.ActiveCfg = Debug|Any CPU
		{54268BB1-1D32-4E1C-8444-41019BF1AA02}.Debug|Any CPU.Build.0 = Debug|Any CPU
		{54268BB1-1D32-4E1C-8444-41019BF1AA02}.Release|Any CPU.ActiveCfg = Release|Any CPU
		{54268BB1-1D32-4E1C-8444-41019BF1AA02}.Release|Any CPU.Build.0 = Release|Any CPU
		{3D94C8FC-5010-4C33-9D94-AADF86015A19}.Debug|Any CPU.ActiveCfg = Debug|Any CPU
		{3D94C8FC-5010-4C33-9D94-AADF86015A19}.Debug|Any CPU.Build.0 = Debug|Any CPU
		{3D94C8FC-5010-4C33-9D94-AADF86015A19}.Release|Any CPU.ActiveCfg = Release|Any CPU
		{3D94C8FC-5010-4C33-9D94-AADF86015A19}.Release|Any CPU.Build.0 = Release|Any CPU
	EndGlobalSection
EndGlobal
